{
    "_readme": [
        "This file locks the dependencies of your project to a known state",
        "Read more about it at https://getcomposer.org/doc/01-basic-usage.md#installing-dependencies",
        "This file is @generated automatically"
    ],
    "content-hash": "0dd616362e6d22620477ef94b385f7fb",
    "packages": [
        {
            "name": "geekdevs/highlight.php",
            "version": "v9.15.6.1",
            "source": {
                "type": "git",
                "url": "https://github.com/geekdevs/highlight.php.git",
                "reference": "939299024411d08210371e7148f2feaee4ca8807"
            },
            "dist": {
                "type": "zip",
                "url": "https://api.github.com/repos/geekdevs/highlight.php/zipball/939299024411d08210371e7148f2feaee4ca8807",
                "reference": "939299024411d08210371e7148f2feaee4ca8807",
                "shasum": ""
            },
            "require": {
                "ext-json": "*",
                "ext-mbstring": "*"
            },
            "require-dev": {
                "phpunit/phpunit": "^4.8|^5.7",
                "symfony/finder": "^2.8"
            },
            "type": "library",
            "autoload": {
                "psr-0": {
                    "Highlight\\": ""
                }
            },
            "notification-url": "https://packagist.org/downloads/",
            "license": [
                "BSD-3-Clause"
            ],
            "authors": [
                {
                    "name": "Geert Bergman",
                    "homepage": "http://www.scrivo.org/",
                    "role": "Project Author"
                },
                {
                    "name": "Vladimir Jimenez",
                    "homepage": "https://allejo.io",
                    "role": "Contributor"
                },
                {
                    "name": "Martin Folkers",
                    "homepage": "https://twobrain.io",
                    "role": "Contributor"
                }
            ],
            "description": "Server side syntax highlighter that supports 185 languages. It's a PHP port of highlight.js",
            "keywords": [
                "code",
                "highlight",
                "highlight.js",
                "highlight.php",
                "syntax"
            ],
            "time": "2019-03-18T09:49:50+00:00"
        },
        {
            "name": "symfony/polyfill-ctype",
            "version": "v1.10.0",
            "source": {
                "type": "git",
                "url": "https://github.com/symfony/polyfill-ctype.git",
                "reference": "e3d826245268269cd66f8326bd8bc066687b4a19"
            },
            "dist": {
                "type": "zip",
                "url": "https://api.github.com/repos/symfony/polyfill-ctype/zipball/e3d826245268269cd66f8326bd8bc066687b4a19",
                "reference": "e3d826245268269cd66f8326bd8bc066687b4a19",
                "shasum": ""
            },
            "require": {
                "php": ">=5.3.3"
            },
            "suggest": {
                "ext-ctype": "For best performance"
            },
            "type": "library",
            "extra": {
                "branch-alias": {
                    "dev-master": "1.9-dev"
                }
            },
            "autoload": {
                "psr-4": {
                    "Symfony\\Polyfill\\Ctype\\": ""
                },
                "files": [
                    "bootstrap.php"
                ]
            },
            "notification-url": "https://packagist.org/downloads/",
            "license": [
                "MIT"
            ],
            "authors": [
                {
                    "name": "Symfony Community",
                    "homepage": "https://symfony.com/contributors"
                },
                {
                    "name": "Gert de Pagter",
                    "email": "backendtea@gmail.com"
                }
            ],
            "description": "Symfony polyfill for ctype functions",
            "homepage": "https://symfony.com",
            "keywords": [
                "compatibility",
                "ctype",
                "polyfill",
                "portable"
            ],
            "time": "2018-08-06T14:22:27+00:00"
        },
        {
            "name": "symfony/yaml",
            "version": "v4.2.4",
            "source": {
                "type": "git",
                "url": "https://github.com/symfony/yaml.git",
                "reference": "761fa560a937fd7686e5274ff89dcfa87a5047df"
            },
            "dist": {
                "type": "zip",
                "url": "https://api.github.com/repos/symfony/yaml/zipball/761fa560a937fd7686e5274ff89dcfa87a5047df",
                "reference": "761fa560a937fd7686e5274ff89dcfa87a5047df",
                "shasum": ""
            },
            "require": {
                "php": "^7.1.3",
                "symfony/polyfill-ctype": "~1.8"
            },
            "conflict": {
                "symfony/console": "<3.4"
            },
            "require-dev": {
                "symfony/console": "~3.4|~4.0"
            },
            "suggest": {
                "symfony/console": "For validating YAML files using the lint command"
            },
            "type": "library",
            "extra": {
                "branch-alias": {
                    "dev-master": "4.2-dev"
                }
            },
            "autoload": {
                "psr-4": {
                    "Symfony\\Component\\Yaml\\": ""
                },
                "exclude-from-classmap": [
                    "/Tests/"
                ]
            },
            "notification-url": "https://packagist.org/downloads/",
            "license": [
                "MIT"
            ],
            "authors": [
                {
                    "name": "Fabien Potencier",
                    "email": "fabien@symfony.com"
                },
                {
                    "name": "Symfony Community",
                    "homepage": "https://symfony.com/contributors"
                }
            ],
            "description": "Symfony Yaml Component",
            "homepage": "https://symfony.com",
            "time": "2019-02-23T15:17:42+00:00"
        }
    ],
    "packages-dev": [],
    "aliases": [],
    "minimum-stability": "stable",
    "stability-flags": [],
    "prefer-stable": false,
    "prefer-lowest": false,
    "platform": [],
    "platform-dev": []
}
